// !$*UTF8*$!
{
	archiveVersion = 1;
	classes = {
	};
	objectVersion = 46;
	objects = {

/* Begin PBXBuildFile section */
		C651AFA31DC203A000292506 /* AppDelegate.swift in Sources */ = {isa = PBXBuildFile; fileRef = C651AFA21DC203A000292506 /* AppDelegate.swift */; };
		C651AFA51DC203A000292506 /* ViewController.swift in Sources */ = {isa = PBXBuildFile; fileRef = C651AFA41DC203A000292506 /* ViewController.swift */; };
		C651AFA81DC203A000292506 /* Main.storyboard in Resources */ = {isa = PBXBuildFile; fileRef = C651AFA61DC203A000292506 /* Main.storyboard */; };
		C651AFAA1DC203A000292506 /* Assets.xcassets in Resources */ = {isa = PBXBuildFile; fileRef = C651AFA91DC203A000292506 /* Assets.xcassets */; };
		C651AFAD1DC203A000292506 /* LaunchScreen.storyboard in Resources */ = {isa = PBXBuildFile; fileRef = C651AFAB1DC203A000292506 /* LaunchScreen.storyboard */; };
		C651AFB81DC203A000292506 /* PracticeTests.swift in Sources */ = {isa = PBXBuildFile; fileRef = C651AFB71DC203A000292506 /* PracticeTests.swift */; };
		C651AFC31DC203A100292506 /* PracticeUITests.swift in Sources */ = {isa = PBXBuildFile; fileRef = C651AFC21DC203A100292506 /* PracticeUITests.swift */; };
/* End PBXBuildFile section */

/* Begin PBXContainerItemProxy section */
		C651AFB41DC203A000292506 /* PBXContainerItemProxy */ = {
			isa = PBXContainerItemProxy;
			containerPortal = C651AF971DC203A000292506 /* Project object */;
			proxyType = 1;
			remoteGlobalIDString = C651AF9E1DC203A000292506;
			remoteInfo = Practice;
		};
		C651AFBF1DC203A100292506 /* PBXContainerItemProxy */ = {
			isa = PBXContainerItemProxy;
			containerPortal = C651AF971DC203A000292506 /* Project object */;
			proxyType = 1;
			remoteGlobalIDString = C651AF9E1DC203A000292506;
			remoteInfo = Practice;
		};
/* End PBXContainerItemProxy section */

/* Begin PBXFileReference section */
		C651AF9F1DC203A000292506 /* Practice.app */ = {isa = PBXFileReference; explicitFileType = wrapper.application; includeInIndex = 0; path = Practice.app; sourceTree = BUILT_PRODUCTS_DIR; };
		C651AFA21DC203A000292506 /* AppDelegate.swift */ = {isa = PBXFileReference; lastKnownFileType = sourcecode.swift; path = AppDelegate.swift; sourceTree = "<group>"; };
		C651AFA41DC203A000292506 /* ViewController.swift */ = {isa = PBXFileReference; lastKnownFileType = sourcecode.swift; path = ViewController.swift; sourceTree = "<group>"; };
		C651AFA71DC203A000292506 /* Base */ = {isa = PBXFileReference; lastKnownFileType = file.storyboard; name = Base; path = Base.lproj/Main.storyboard; sourceTree = "<group>"; };
		C651AFA91DC203A000292506 /* Assets.xcassets */ = {isa = PBXFileReference; lastKnownFileType = folder.assetcatalog; path = Assets.xcassets; sourceTree = "<group>"; };
		C651AFAC1DC203A000292506 /* Base */ = {isa = PBXFileReference; lastKnownFileType = file.storyboard; name = Base; path = Base.lproj/LaunchScreen.storyboard; sourceTree = "<group>"; };
		C651AFAE1DC203A000292506 /* Info.plist */ = {isa = PBXFileReference; lastKnownFileType = text.plist.xml; path = Info.plist; sourceTree = "<group>"; };
		C651AFB31DC203A000292506 /* PracticeTests.xctest */ = {isa = PBXFileReference; explicitFileType = wrapper.cfbundle; includeInIndex = 0; path = PracticeTests.xctest; sourceTree = BUILT_PRODUCTS_DIR; };
		C651AFB71DC203A000292506 /* PracticeTests.swift */ = {isa = PBXFileReference; lastKnownFileType = sourcecode.swift; path = PracticeTests.swift; sourceTree = "<group>"; };
		C651AFB91DC203A000292506 /* Info.plist */ = {isa = PBXFileReference; lastKnownFileType = text.plist.xml; path = Info.plist; sourceTree = "<group>"; };
		C651AFBE1DC203A100292506 /* PracticeUITests.xctest */ = {isa = PBXFileReference; explicitFileType = wrapper.cfbundle; includeInIndex = 0; path = PracticeUITests.xctest; sourceTree = BUILT_PRODUCTS_DIR; };
		C651AFC21DC203A100292506 /* PracticeUITests.swift */ = {isa = PBXFileReference; lastKnownFileType = sourcecode.swift; path = PracticeUITests.swift; sourceTree = "<group>"; };
		C651AFC41DC203A100292506 /* Info.plist */ = {isa = PBXFileReference; lastKnownFileType = text.plist.xml; path = Info.plist; sourceTree = "<group>"; };
/* End PBXFileReference section */

/* Begin PBXFrameworksBuildPhase section */
		C651AF9C1DC203A000292506 /* Frameworks */ = {
			isa = PBXFrameworksBuildPhase;
			buildActionMask = 2147483647;
			files = (
			);
			runOnlyForDeploymentPostprocessing = 0;
		};
		C651AFB01DC203A000292506 /* Frameworks */ = {
			isa = PBXFrameworksBuildPhase;
			buildActionMask = 2147483647;
			files = (
			);
			runOnlyForDeploymentPostprocessing = 0;
		};
		C651AFBB1DC203A100292506 /* Frameworks */ = {
			isa = PBXFrameworksBuildPhase;
			buildActionMask = 2147483647;
			files = (
			);
			runOnlyForDeploymentPostprocessing = 0;
		};
/* End PBXFrameworksBuildPhase section */

/* Begin PBXGroup section */
		C651AF961DC203A000292506 = {
			isa = PBXGroup;
			children = (
				C651AFA11DC203A000292506 /* Practice */,
				C651AFB61DC203A000292506 /* PracticeTests */,
				C651AFC11DC203A100292506 /* PracticeUITests */,
				C651AFA01DC203A000292506 /* Products */,
			);
			sourceTree = "<group>";
		};
		C651AFA01DC203A000292506 /* Products */ = {
			isa = PBXGroup;
			children = (
				C651AF9F1DC203A000292506 /* Practice.app */,
				C651AFB31DC203A000292506 /* PracticeTests.xctest */,
				C651AFBE1DC203A100292506 /* PracticeUITests.xctest */,
			);
			name = Products;
			sourceTree = "<group>";
		};
		C651AFA11DC203A000292506 /* Practice */ = {
			isa = PBXGroup;
			children = (
				C651AFA21DC203A000292506 /* AppDelegate.swift */,
				C651AFA41DC203A000292506 /* ViewController.swift */,
				C651AFA61DC203A000292506 /* Main.storyboard */,
				C651AFA91DC203A000292506 /* Assets.xcassets */,
				C651AFAB1DC203A000292506 /* LaunchScreen.storyboard */,
				C651AFAE1DC203A000292506 /* Info.plist */,
			);
			path = Practice;
			sourceTree = "<group>";
		};
		C651AFB61DC203A000292506 /* PracticeTests */ = {
			isa = PBXGroup;
			children = (
				C651AFB71DC203A000292506 /* PracticeTests.swift */,
				C651AFB91DC203A000292506 /* Info.plist */,
			);
			path = PracticeTests;
			sourceTree = "<group>";
		};
		C651AFC11DC203A100292506 /* PracticeUITests */ = {
			isa = PBXGroup;
			children = (
				C651AFC21DC203A100292506 /* PracticeUITests.swift */,
				C651AFC41DC203A100292506 /* Info.plist */,
			);
			path = PracticeUITests;
			sourceTree = "<group>";
		};
/* End PBXGroup section */

/* Begin PBXNativeTarget section */
		C651AF9E1DC203A000292506 /* Practice */ = {
			isa = PBXNativeTarget;
			buildConfigurationList = C651AFC71DC203A100292506 /* Build configuration list for PBXNativeTarget "Practice" */;
			buildPhases = (
				C651AF9B1DC203A000292506 /* Sources */,
				C651AF9C1DC203A000292506 /* Frameworks */,
				C651AF9D1DC203A000292506 /* Resources */,
			);
			buildRules = (
			);
			dependencies = (
			);
			name = Practice;
			productName = Practice;
			productReference = C651AF9F1DC203A000292506 /* Practice.app */;
			productType = "com.apple.product-type.application";
		};
		C651AFB21DC203A000292506 /* PracticeTests */ = {
			isa = PBXNativeTarget;
			buildConfigurationList = C651AFCA1DC203A100292506 /* Build configuration list for PBXNativeTarget "PracticeTests" */;
			buildPhases = (
				C651AFAF1DC203A000292506 /* Sources */,
				C651AFB01DC203A000292506 /* Frameworks */,
				C651AFB11DC203A000292506 /* Resources */,
			);
			buildRules = (
			);
			dependencies = (
				C651AFB51DC203A000292506 /* PBXTargetDependency */,
			);
			name = PracticeTests;
			productName = PracticeTests;
			productReference = C651AFB31DC203A000292506 /* PracticeTests.xctest */;
			productType = "com.apple.product-type.bundle.unit-test";
		};
		C651AFBD1DC203A100292506 /* PracticeUITests */ = {
			isa = PBXNativeTarget;
			buildConfigurationList = C651AFCD1DC203A100292506 /* Build configuration list for PBXNativeTarget "PracticeUITests" */;
			buildPhases = (
				C651AFBA1DC203A100292506 /* Sources */,
				C651AFBB1DC203A100292506 /* Frameworks */,
				C651AFBC1DC203A100292506 /* Resources */,
			);
			buildRules = (
			);
			dependencies = (
				C651AFC01DC203A100292506 /* PBXTargetDependency */,
			);
			name = PracticeUITests;
			productName = PracticeUITests;
			productReference = C651AFBE1DC203A100292506 /* PracticeUITests.xctest */;
			productType = "com.apple.product-type.bundle.ui-testing";
		};
/* End PBXNativeTarget section */

/* Begin PBXProject section */
		C651AF971DC203A000292506 /* Project object */ = {
			isa = PBXProject;
			attributes = {
				LastSwiftUpdateCheck = 0800;
				LastUpgradeCheck = 0800;
				ORGANIZATIONNAME = "Vivek Sharma";
				TargetAttributes = {
					C651AF9E1DC203A000292506 = {
						CreatedOnToolsVersion = 8.0;
						ProvisioningStyle = Automatic;
					};
					C651AFB21DC203A000292506 = {
						CreatedOnToolsVersion = 8.0;
						ProvisioningStyle = Automatic;
						TestTargetID = C651AF9E1DC203A000292506;
					};
					C651AFBD1DC203A100292506 = {
						CreatedOnToolsVersion = 8.0;
						ProvisioningStyle = Automatic;
						TestTargetID = C651AF9E1DC203A000292506;
					};
				};
			};
			buildConfigurationList = C651AF9A1DC203A000292506 /* Build configuration list for PBXProject "Practice" */;
			compatibilityVersion = "Xcode 3.2";
			developmentRegion = English;
			hasScannedForEncodings = 0;
			knownRegions = (
				en,
				Base,
			);
			mainGroup = C651AF961DC203A000292506;
			productRefGroup = C651AFA01DC203A000292506 /* Products */;
			projectDirPath = "";
			projectRoot = "";
			targets = (
				C651AF9E1DC203A000292506 /* Practice */,
				C651AFB21DC203A000292506 /* PracticeTests */,
				C651AFBD1DC203A100292506 /* PracticeUITests */,
			);
		};
/* End PBXProject section */

/* Begin PBXResourcesBuildPhase section */
		C651AF9D1DC203A000292506 /* Resources */ = {
			isa = PBXResourcesBuildPhase;
			buildActionMask = 2147483647;
			files = (
				C651AFAD1DC203A000292506 /* LaunchScreen.storyboard in Resources */,
				C651AFAA1DC203A000292506 /* Assets.xcassets in Resources */,
				C651AFA81DC203A000292506 /* Main.storyboard in Resources */,
			);
			runOnlyForDeploymentPostprocessing = 0;
		};
		C651AFB11DC203A000292506 /* Resources */ = {
			isa = PBXResourcesBuildPhase;
			buildActionMask = 2147483647;
			files = (
			);
			runOnlyForDeploymentPostprocessing = 0;
		};
		C651AFBC1DC203A100292506 /* Resources */ = {
			isa = PBXResourcesBuildPhase;
			buildActionMask = 2147483647;
			files = (
			);
			runOnlyForDeploymentPostprocessing = 0;
		};
/* End PBXResourcesBuildPhase section */

/* Begin PBXSourcesBuildPhase section */
		C651AF9B1DC203A000292506 /* Sources */ = {
			isa = PBXSourcesBuildPhase;
			buildActionMask = 2147483647;
			files = (
				C651AFA51DC203A000292506 /* ViewController.swift in Sources */,
				C651AFA31DC203A000292506 /* AppDelegate.swift in Sources */,
			);
			runOnlyForDeploymentPostprocessing = 0;
		};
		C651AFAF1DC203A000292506 /* Sources */ = {
			isa = PBXSourcesBuildPhase;
			buildActionMask = 2147483647;
			files = (
				C651AFB81DC203A000292506 /* PracticeTests.swift in Sources */,
			);
			runOnlyForDeploymentPostprocessing = 0;
		};
		C651AFBA1DC203A100292506 /* Sources */ = {
			isa = PBXSourcesBuildPhase;
			buildActionMask = 2147483647;
			files = (
				C651AFC31DC203A100292506 /* PracticeUITests.swift in Sources */,
			);
			runOnlyForDeploymentPostprocessing = 0;
		};
/* End PBXSourcesBuildPhase section */

/* Begin PBXTargetDependency section */
		C651AFB51DC203A000292506 /* PBXTargetDependency */ = {
			isa = PBXTargetDependency;
			target = C651AF9E1DC203A000292506 /* Practice */;
			targetProxy = C651AFB41DC203A000292506 /* PBXContainerItemProxy */;
		};
		C651AFC01DC203A100292506 /* PBXTargetDependency */ = {
			isa = PBXTargetDependency;
			target = C651AF9E1DC203A000292506 /* Practice */;
			targetProxy = C651AFBF1DC203A100292506 /* PBXContainerItemProxy */;
		};
/* End PBXTargetDependency section */

/* Begin PBXVariantGroup section */
		C651AFA61DC203A000292506 /* Main.storyboard */ = {
			isa = PBXVariantGroup;
			children = (
				C651AFA71DC203A000292506 /* Base */,
			);
			name = Main.storyboard;
			sourceTree = "<group>";
		};
		C651AFAB1DC203A000292506 /* LaunchScreen.storyboard */ = {
			isa = PBXVariantGroup;
			children = (
				C651AFAC1DC203A000292506 /* Base */,
			);
			name = LaunchScreen.storyboard;
			sourceTree = "<group>";
		};
/* End PBXVariantGroup section */

/* Begin XCBuildConfiguration section */
		C651AFC51DC203A100292506 /* Debug */ = {
			isa = XCBuildConfiguration;
			buildSettings = {
				ALWAYS_SEARCH_USER_PATHS = NO;
				CLANG_ANALYZER_NONNULL = YES;
				CLANG_CXX_LANGUAGE_STANDARD = "gnu++0x";
				CLANG_CXX_LIBRARY = "libc++";
				CLANG_ENABLE_MODULES = YES;
				CLANG_ENABLE_OBJC_ARC = YES;
				CLANG_WARN_BOOL_CONVERSION = YES;
				CLANG_WARN_CONSTANT_CONVERSION = YES;
				CLANG_WARN_DIRECT_OBJC_ISA_USAGE = YES_ERROR;
				CLANG_WARN_DOCUMENTATION_COMMENTS = YES;
				CLANG_WARN_EMPTY_BODY = YES;
				CLANG_WARN_ENUM_CONVERSION = YES;
				CLANG_WARN_INFINITE_RECURSION = YES;
				CLANG_WARN_INT_CONVERSION = YES;
				CLANG_WARN_OBJC_ROOT_CLASS = YES_ERROR;
				CLANG_WARN_SUSPICIOUS_MOVES = YES;
				CLANG_WARN_UNREACHABLE_CODE = YES;
				CLANG_WARN__DUPLICATE_METHOD_MATCH = YES;
				"CODE_SIGN_IDENTITY[sdk=iphoneos*]" = "iPhone Developer";
				COPY_PHASE_STRIP = NO;
				DEBUG_INFORMATION_FORMAT = dwarf;
				ENABLE_STRICT_OBJC_MSGSEND = YES;
				ENABLE_TESTABILITY = YES;
				GCC_C_LANGUAGE_STANDARD = gnu99;
				GCC_DYNAMIC_NO_PIC = NO;
				GCC_NO_COMMON_BLOCKS = YES;
				GCC_OPTIMIZATION_LEVEL = 0;
				GCC_PREPROCESSOR_DEFINITIONS = (
					"DEBUG=1",
					"$(inherited)",
				);
				GCC_WARN_64_TO_32_BIT_CONVERSION = YES;
				GCC_WARN_ABOUT_RETURN_TYPE = YES_ERROR;
				GCC_WARN_UNDECLARED_SELECTOR = YES;
				GCC_WARN_UNINITIALIZED_AUTOS = YES_AGGRESSIVE;
				GCC_WARN_UNUSED_FUNCTION = YES;
				GCC_WARN_UNUSED_VARIABLE = YES;
				IPHONEOS_DEPLOYMENT_TARGET = 10.0;
				MTL_ENABLE_DEBUG_INFO = YES;
				ONLY_ACTIVE_ARCH = YES;
				SDKROOT = iphoneos;
				SWIFT_ACTIVE_COMPILATION_CONDITIONS = DEBUG;
				SWIFT_OPTIMIZATION_LEVEL = "-Onone";
			};
			name = Debug;
		};
		C651AFC61DC203A100292506 /* Release */ = {
			isa = XCBuildConfiguration;
			buildSettings = {
				ALWAYS_SEARCH_USER_PATHS = NO;
				CLANG_ANALYZER_NONNULL = YES;
				CLANG_CXX_LANGUAGE_STANDARD = "gnu++0x";
				CLANG_CXX_LIBRARY = "libc++";
				CLANG_ENABLE_MODULES = YES;
				CLANG_ENABLE_OBJC_ARC = YES;
				CLANG_WARN_BOOL_CONVERSION = YES;
				CLANG_WARN_CONSTANT_CONVERSION = YES;
				CLANG_WARN_DIRECT_OBJC_ISA_USAGE = YES_ERROR;
				CLANG_WARN_DOCUMENTATION_COMMENTS = YES;
				CLANG_WARN_EMPTY_BODY = YES;
				CLANG_WARN_ENUM_CONVERSION = YES;
				CLANG_WARN_INFINITE_RECURSION = YES;
				CLANG_WARN_INT_CONVERSION = YES;
				CLANG_WARN_OBJC_ROOT_CLASS = YES_ERROR;
				CLANG_WARN_SUSPICIOUS_MOVES = YES;
				CLANG_WARN_UNREACHABLE_CODE = YES;
				CLANG_WARN__DUPLICATE_METHOD_MATCH = YES;
				"CODE_SIGN_IDENTITY[sdk=iphoneos*]" = "iPhone Developer";
				COPY_PHASE_STRIP = NO;
				DEBUG_INFORMATION_FORMAT = "dwarf-with-dsym";
				ENABLE_NS_ASSERTIONS = NO;
				ENABLE_STRICT_OBJC_MSGSEND = YES;
				GCC_C_LANGUAGE_STANDARD = gnu99;
				GCC_NO_COMMON_BLOCKS = YES;
				GCC_WARN_64_TO_32_BIT_CONVERSION = YES;
				GCC_WARN_ABOUT_RETURN_TYPE = YES_ERROR;
				GCC_WARN_UNDECLARED_SELECTOR = YES;
				GCC_WARN_UNINITIALIZED_AUTOS = YES_AGGRESSIVE;
				GCC_WARN_UNUSED_FUNCTION = YES;
				GCC_WARN_UNUSED_VARIABLE = YES;
				IPHONEOS_DEPLOYMENT_TARGET = 10.0;
				MTL_ENABLE_DEBUG_INFO = NO;
				SDKROOT = iphoneos;
				SWIFT_OPTIMIZATION_LEVEL = "-Owholemodule";
				VALIDATE_PRODUCT = YES;
			};
			name = Release;
		};
		C651AFC81DC203A100292506 /* Debug */ = {
			isa = XCBuildConfiguration;
			buildSettings = {
				ASSETCATALOG_COMPILER_APPICON_NAME = AppIcon;
				INFOPLIST_FILE = Practice/Info.plist;
				LD_RUNPATH_SEARCH_PATHS = "$(inherited) @executable_path/Frameworks";
				PRODUCT_BUNDLE_IDENTIFIER = viveks.Practice;
				PRODUCT_NAME = "$(TARGET_NAME)";
				SWIFT_VERSION = 3.0;
			};
			name = Debug;
		};
		C651AFC91DC203A100292506 /* Release */ = {
			isa = XCBuildConfiguration;
			buildSettings = {
				ASSETCATALOG_COMPILER_APPICON_NAME = AppIcon;
				INFOPLIST_FILE = Practice/Info.plist;
				LD_RUNPATH_SEARCH_PATHS = "$(inherited) @executable_path/Frameworks";
				PRODUCT_BUNDLE_IDENTIFIER = viveks.Practice;
				PRODUCT_NAME = "$(TARGET_NAME)";
				SWIFT_VERSION = 3.0;
			};
			name = Release;
		};
		C651AFCB1DC203A100292506 /* Debug */ = {
			isa = XCBuildConfiguration;
			buildSettings = {
				ALWAYS_EMBED_SWIFT_STANDARD_LIBRARIES = YES;
				BUNDLE_LOADER = "$(TEST_HOST)";
				INFOPLIST_FILE = PracticeTests/Info.plist;
				LD_RUNPATH_SEARCH_PATHS = "$(inherited) @executable_path/Frameworks @loader_path/Frameworks";
				PRODUCT_BUNDLE_IDENTIFIER = viveks.PracticeTests;
				PRODUCT_NAME = "$(TARGET_NAME)";
				SWIFT_VERSION = 3.0;
				TEST_HOST = "$(BUILT_PRODUCTS_DIR)/Practice.app/Practice";
			};
			name = Debug;
		};
		C651AFCC1DC203A100292506 /* Release */ = {
			isa = XCBuildConfiguration;
			buildSettings = {
				ALWAYS_EMBED_SWIFT_STANDARD_LIBRARIES = YES;
				BUNDLE_LOADER = "$(TEST_HOST)";
				INFOPLIST_FILE = PracticeTests/Info.plist;
				LD_RUNPATH_SEARCH_PATHS = "$(inherited) @executable_path/Frameworks @loader_path/Frameworks";
				PRODUCT_BUNDLE_IDENTIFIER = viveks.PracticeTests;
				PRODUCT_NAME = "$(TARGET_NAME)";
				SWIFT_VERSION = 3.0;
				TEST_HOST = "$(BUILT_PRODUCTS_DIR)/Practice.app/Practice";
			};
			name = Release;
		};
		C651AFCE1DC203A100292506 /* Debug */ = {
			isa = XCBuildConfiguration;
			buildSettings = {
				ALWAYS_EMBED_SWIFT_STANDARD_LIBRARIES = YES;
				INFOPLIST_FILE = PracticeUITests/Info.plist;
				LD_RUNPATH_SEARCH_PATHS = "$(inherited) @executable_path/Frameworks @loader_path/Frameworks";
				PRODUCT_BUNDLE_IDENTIFIER = viveks.PracticeUITests;
				PRODUCT_NAME = "$(TARGET_NAME)";
				SWIFT_VERSION = 3.0;
				TEST_TARGET_NAME = Practice;
			};
			name = Debug;
		};
		C651AFCF1DC203A100292506 /* Release */ = {
			isa = XCBuildConfiguration;
			buildSettings = {
				ALWAYS_EMBED_SWIFT_STANDARD_LIBRARIES = YES;
				INFOPLIST_FILE = PracticeUITests/Info.plist;
				LD_RUNPATH_SEARCH_PATHS = "$(inherited) @executable_path/Frameworks @loader_path/Frameworks";
				PRODUCT_BUNDLE_IDENTIFIER = viveks.PracticeUITests;
				PRODUCT_NAME = "$(TARGET_NAME)";
				SWIFT_VERSION = 3.0;
				TEST_TARGET_NAME = Practice;
			};
			name = Release;
		};
/* End XCBuildConfiguration section */

/* Begin XCConfigurationList section */
		C651AF9A1DC203A000292506 /* Build configuration list for PBXProject "Practice" */ = {
			isa = XCConfigurationList;
			buildConfigurations = (
				C651AFC51DC203A100292506 /* Debug */,
				C651AFC61DC203A100292506 /* Release */,
			);
			defaultConfigurationIsVisible = 0;
			defaultConfigurationName = Release;
		};
		C651AFC71DC203A100292506 /* Build configuration list for PBXNativeTarget "Practice" */ = {
			isa = XCConfigurationList;
			buildConfigurations = (
				C651AFC81DC203A100292506 /* Debug */,
				C651AFC91DC203A100292506 /* Release */,
			);
			defaultConfigurationIsVisible = 0;
		};
		C651AFCA1DC203A100292506 /* Build configuration list for PBXNativeTarget "PracticeTests" */ = {
			isa = XCConfigurationList;
			buildConfigurations = (
				C651AFCB1DC203A100292506 /* Debug */,
				C651AFCC1DC203A100292506 /* Release */,
			);
			defaultConfigurationIsVisible = 0;
		};
		C651AFCD1DC203A100292506 /* Build configuration list for PBXNativeTarget "PracticeUITests" */ = {
			isa = XCConfigurationList;
			buildConfigurations = (
				C651AFCE1DC203A100292506 /* Debug */,
				C651AFCF1DC203A100292506 /* Release */,
			);
			defaultConfigurationIsVisible = 0;
		};
/* End XCConfigurationList section */
	};
	rootObject = C651AF971DC203A000292506 /* Project object */;
}
